// !$*UTF8*$!
{
	archiveVersion = 1;
	classes = {
	};
	objectVersion = 56;
	objects = {

/* Begin PBXBuildFile section */
		865D1E442B6932420085367C /* Haker_News_AppApp.swift in Sources */ = {isa = PBXBuildFile; fileRef = 865D1E432B6932420085367C /* Haker_News_AppApp.swift */; };
		865D1E462B6932420085367C /* ContentView.swift in Sources */ = {isa = PBXBuildFile; fileRef = 865D1E452B6932420085367C /* ContentView.swift */; };
		865D1E482B6932460085367C /* Assets.xcassets in Resources */ = {isa = PBXBuildFile; fileRef = 865D1E472B6932460085367C /* Assets.xcassets */; };
		865D1E4B2B6932460085367C /* Preview Assets.xcassets in Resources */ = {isa = PBXBuildFile; fileRef = 865D1E4A2B6932460085367C /* Preview Assets.xcassets */; };
		865D1E552B69396A0085367C /* PostsManager.swift in Sources */ = {isa = PBXBuildFile; fileRef = 865D1E542B69396A0085367C /* PostsManager.swift */; };
		865D1E572B6940950085367C /* PostData.swift in Sources */ = {isa = PBXBuildFile; fileRef = 865D1E562B6940950085367C /* PostData.swift */; };
		865D1E5A2B6A50520085367C /* DetailView.swift in Sources */ = {isa = PBXBuildFile; fileRef = 865D1E592B6A50520085367C /* DetailView.swift */; };
		865D1E5C2B6A546D0085367C /* WebView.swift in Sources */ = {isa = PBXBuildFile; fileRef = 865D1E5B2B6A546D0085367C /* WebView.swift */; };
		865D1E5F2B723C5C0085367C /* PostListItemView.swift in Sources */ = {isa = PBXBuildFile; fileRef = 865D1E5E2B723C5C0085367C /* PostListItemView.swift */; };
/* End PBXBuildFile section */

/* Begin PBXFileReference section */
		865D1E402B6932420085367C /* Haker News App.app */ = {isa = PBXFileReference; explicitFileType = wrapper.application; includeInIndex = 0; path = "Haker News App.app"; sourceTree = BUILT_PRODUCTS_DIR; };
		865D1E432B6932420085367C /* Haker_News_AppApp.swift */ = {isa = PBXFileReference; lastKnownFileType = sourcecode.swift; path = Haker_News_AppApp.swift; sourceTree = "<group>"; };
		865D1E452B6932420085367C /* ContentView.swift */ = {isa = PBXFileReference; lastKnownFileType = sourcecode.swift; path = ContentView.swift; sourceTree = "<group>"; };
		865D1E472B6932460085367C /* Assets.xcassets */ = {isa = PBXFileReference; lastKnownFileType = folder.assetcatalog; path = Assets.xcassets; sourceTree = "<group>"; };
		865D1E4A2B6932460085367C /* Preview Assets.xcassets */ = {isa = PBXFileReference; lastKnownFileType = folder.assetcatalog; path = "Preview Assets.xcassets"; sourceTree = "<group>"; };
		865D1E542B69396A0085367C /* PostsManager.swift */ = {isa = PBXFileReference; lastKnownFileType = sourcecode.swift; path = PostsManager.swift; sourceTree = "<group>"; };
		865D1E562B6940950085367C /* PostData.swift */ = {isa = PBXFileReference; lastKnownFileType = sourcecode.swift; path = PostData.swift; sourceTree = "<group>"; };
		865D1E592B6A50520085367C /* DetailView.swift */ = {isa = PBXFileReference; lastKnownFileType = sourcecode.swift; path = DetailView.swift; sourceTree = "<group>"; };
		865D1E5B2B6A546D0085367C /* WebView.swift */ = {isa = PBXFileReference; lastKnownFileType = sourcecode.swift; path = WebView.swift; sourceTree = "<group>"; };
		865D1E5D2B6BA3770085367C /* Haker-News-App-Info.plist */ = {isa = PBXFileReference; lastKnownFileType = text.plist; path = "Haker-News-App-Info.plist"; sourceTree = SOURCE_ROOT; };
		865D1E5E2B723C5C0085367C /* PostListItemView.swift */ = {isa = PBXFileReference; lastKnownFileType = sourcecode.swift; path = PostListItemView.swift; sourceTree = "<group>"; };
/* End PBXFileReference section */

/* Begin PBXFrameworksBuildPhase section */
		865D1E3D2B6932420085367C /* Frameworks */ = {
			isa = PBXFrameworksBuildPhase;
			buildActionMask = 2147483647;
			files = (
			);
			runOnlyForDeploymentPostprocessing = 0;
		};
/* End PBXFrameworksBuildPhase section */

/* Begin PBXGroup section */
		865D1E372B6932420085367C = {
			isa = PBXGroup;
			children = (
				865D1E422B6932420085367C /* Haker News App */,
				865D1E412B6932420085367C /* Products */,
			);
			sourceTree = "<group>";
		};
		865D1E412B6932420085367C /* Products */ = {
			isa = PBXGroup;
			children = (
				865D1E402B6932420085367C /* Haker News App.app */,
			);
			name = Products;
			sourceTree = "<group>";
		};
		865D1E422B6932420085367C /* Haker News App */ = {
			isa = PBXGroup;
			children = (
				865D1E5D2B6BA3770085367C /* Haker-News-App-Info.plist */,
				865D1E432B6932420085367C /* Haker_News_AppApp.swift */,
				865D1E512B6937AD0085367C /* Model */,
				865D1E582B6A50400085367C /* View */,
				865D1E472B6932460085367C /* Assets.xcassets */,
				865D1E492B6932460085367C /* Preview Content */,
			);
			path = "Haker News App";
			sourceTree = "<group>";
		};
		865D1E492B6932460085367C /* Preview Content */ = {
			isa = PBXGroup;
			children = (
				865D1E4A2B6932460085367C /* Preview Assets.xcassets */,
			);
			path = "Preview Content";
			sourceTree = "<group>";
		};
		865D1E512B6937AD0085367C /* Model */ = {
			isa = PBXGroup;
			children = (
				865D1E542B69396A0085367C /* PostsManager.swift */,
				865D1E562B6940950085367C /* PostData.swift */,
			);
			path = Model;
			sourceTree = "<group>";
		};
		865D1E582B6A50400085367C /* View */ = {
			isa = PBXGroup;
			children = (
				865D1E452B6932420085367C /* ContentView.swift */,
				865D1E592B6A50520085367C /* DetailView.swift */,
				865D1E5B2B6A546D0085367C /* WebView.swift */,
				865D1E5E2B723C5C0085367C /* PostListItemView.swift */,
			);
			path = View;
			sourceTree = "<group>";
		};
/* End PBXGroup section */

/* Begin PBXNativeTarget section */
		865D1E3F2B6932420085367C /* Haker News App */ = {
			isa = PBXNativeTarget;
			buildConfigurationList = 865D1E4E2B6932460085367C /* Build configuration list for PBXNativeTarget "Haker News App" */;
			buildPhases = (
				865D1E3C2B6932420085367C /* Sources */,
				865D1E3D2B6932420085367C /* Frameworks */,
				865D1E3E2B6932420085367C /* Resources */,
			);
			buildRules = (
			);
			dependencies = (
			);
			name = "Haker News App";
			productName = "Haker News App";
			productReference = 865D1E402B6932420085367C /* Haker News App.app */;
			productType = "com.apple.product-type.application";
		};
/* End PBXNativeTarget section */

/* Begin PBXProject section */
		865D1E382B6932420085367C /* Project object */ = {
			isa = PBXProject;
			attributes = {
				BuildIndependentTargetsInParallel = 1;
				LastSwiftUpdateCheck = 1500;
				LastUpgradeCheck = 1500;
				TargetAttributes = {
					865D1E3F2B6932420085367C = {
						CreatedOnToolsVersion = 15.0;
					};
				};
			};
			buildConfigurationList = 865D1E3B2B6932420085367C /* Build configuration list for PBXProject "Haker News App" */;
			compatibilityVersion = "Xcode 14.0";
			developmentRegion = en;
			hasScannedForEncodings = 0;
			knownRegions = (
				en,
				Base,
			);
			mainGroup = 865D1E372B6932420085367C;
			productRefGroup = 865D1E412B6932420085367C /* Products */;
			projectDirPath = "";
			projectRoot = "";
			targets = (
				865D1E3F2B6932420085367C /* Haker News App */,
			);
		};
/* End PBXProject section */

/* Begin PBXResourcesBuildPhase section */
		865D1E3E2B6932420085367C /* Resources */ = {
			isa = PBXResourcesBuildPhase;
			buildActionMask = 2147483647;
			files = (
				865D1E4B2B6932460085367C /* Preview Assets.xcassets in Resources */,
				865D1E482B6932460085367C /* Assets.xcassets in Resources */,
			);
			runOnlyForDeploymentPostprocessing = 0;
		};
/* End PBXResourcesBuildPhase section */

/* Begin PBXSourcesBuildPhase section */
		865D1E3C2B6932420085367C /* Sources */ = {
			isa = PBXSourcesBuildPhase;
			buildActionMask = 2147483647;
			files = (
				865D1E552B69396A0085367C /* PostsManager.swift in Sources */,
				865D1E462B6932420085367C /* ContentView.swift in Sources */,
				865D1E5F2B723C5C0085367C /* PostListItemView.swift in Sources */,
				865D1E442B6932420085367C /* Haker_News_AppApp.swift in Sources */,
				865D1E5C2B6A546D0085367C /* WebView.swift in Sources */,
				865D1E5A2B6A50520085367C /* DetailView.swift in Sources */,
				865D1E572B6940950085367C /* PostData.swift in Sources */,
			);
			runOnlyForDeploymentPostprocessing = 0;
		};
/* End PBXSourcesBuildPhase section */

/* Begin XCBuildConfiguration section */
		865D1E4C2B6932460085367C /* Debug */ = {
			isa = XCBuildConfiguration;
			buildSettings = {
				ALWAYS_SEARCH_USER_PATHS = NO;
				ASSETCATALOG_COMPILER_GENERATE_SWIFT_ASSET_SYMBOL_EXTENSIONS = YES;
				CLANG_ANALYZER_NONNULL = YES;
				CLANG_ANALYZER_NUMBER_OBJECT_CONVERSION = YES_AGGRESSIVE;
				CLANG_CXX_LANGUAGE_STANDARD = "gnu++20";
				CLANG_ENABLE_MODULES = YES;
				CLANG_ENABLE_OBJC_ARC = YES;
				CLANG_ENABLE_OBJC_WEAK = YES;
				CLANG_WARN_BLOCK_CAPTURE_AUTORELEASING = YES;
				CLANG_WARN_BOOL_CONVERSION = YES;
				CLANG_WARN_COMMA = YES;
				CLANG_WARN_CONSTANT_CONVERSION = YES;
				CLANG_WARN_DEPRECATED_OBJC_IMPLEMENTATIONS = YES;
				CLANG_WARN_DIRECT_OBJC_ISA_USAGE = YES_ERROR;
				CLANG_WARN_DOCUMENTATION_COMMENTS = YES;
				CLANG_WARN_EMPTY_BODY = YES;
				CLANG_WARN_ENUM_CONVERSION = YES;
				CLANG_WARN_INFINITE_RECURSION = YES;
				CLANG_WARN_INT_CONVERSION = YES;
				CLANG_WARN_NON_LITERAL_NULL_CONVERSION = YES;
				CLANG_WARN_OBJC_IMPLICIT_RETAIN_SELF = YES;
				CLANG_WARN_OBJC_LITERAL_CONVERSION = YES;
				CLANG_WARN_OBJC_ROOT_CLASS = YES_ERROR;
				CLANG_WARN_QUOTED_INCLUDE_IN_FRAMEWORK_HEADER = YES;
				CLANG_WARN_RANGE_LOOP_ANALYSIS = YES;
				CLANG_WARN_STRICT_PROTOTYPES = YES;
				CLANG_WARN_SUSPICIOUS_MOVE = YES;
				CLANG_WARN_UNGUARDED_AVAILABILITY = YES_AGGRESSIVE;
				CLANG_WARN_UNREACHABLE_CODE = YES;
				CLANG_WARN__DUPLICATE_METHOD_MATCH = YES;
				COPY_PHASE_STRIP = NO;
				DEBUG_INFORMATION_FORMAT = dwarf;
				ENABLE_STRICT_OBJC_MSGSEND = YES;
				ENABLE_TESTABILITY = YES;
				ENABLE_USER_SCRIPT_SANDBOXING = YES;
				GCC_C_LANGUAGE_STANDARD = gnu17;
				GCC_DYNAMIC_NO_PIC = NO;
				GCC_NO_COMMON_BLOCKS = YES;
				GCC_OPTIMIZATION_LEVEL = 0;
				GCC_PREPROCESSOR_DEFINITIONS = (
					"DEBUG=1",
					"$(inherited)",
				);
				GCC_WARN_64_TO_32_BIT_CONVERSION = YES;
				GCC_WARN_ABOUT_RETURN_TYPE = YES_ERROR;
				GCC_WARN_UNDECLARED_SELECTOR = YES;
				GCC_WARN_UNINITIALIZED_AUTOS = YES_AGGRESSIVE;
				GCC_WARN_UNUSED_FUNCTION = YES;
				GCC_WARN_UNUSED_VARIABLE = YES;
				IPHONEOS_DEPLOYMENT_TARGET = 16.0;
				LOCALIZATION_PREFERS_STRING_CATALOGS = YES;
				MTL_ENABLE_DEBUG_INFO = INCLUDE_SOURCE;
				MTL_FAST_MATH = YES;
				ONLY_ACTIVE_ARCH = YES;
				SDKROOT = iphoneos;
				SWIFT_ACTIVE_COMPILATION_CONDITIONS = "DEBUG $(inherited)";
				SWIFT_OPTIMIZATION_LEVEL = "-Onone";
			};
			name = Debug;
		};
		865D1E4D2B6932460085367C /* Release */ = {
			isa = XCBuildConfiguration;
			buildSettings = {
				ALWAYS_SEARCH_USER_PATHS = NO;
				ASSETCATALOG_COMPILER_GENERATE_SWIFT_ASSET_SYMBOL_EXTENSIONS = YES;
				CLANG_ANALYZER_NONNULL = YES;
				CLANG_ANALYZER_NUMBER_OBJECT_CONVERSION = YES_AGGRESSIVE;
				CLANG_CXX_LANGUAGE_STANDARD = "gnu++20";
				CLANG_ENABLE_MODULES = YES;
				CLANG_ENABLE_OBJC_ARC = YES;
				CLANG_ENABLE_OBJC_WEAK = YES;
				CLANG_WARN_BLOCK_CAPTURE_AUTORELEASING = YES;
				CLANG_WARN_BOOL_CONVERSION = YES;
				CLANG_WARN_COMMA = YES;
				CLANG_WARN_CONSTANT_CONVERSION = YES;
				CLANG_WARN_DEPRECATED_OBJC_IMPLEMENTATIONS = YES;
				CLANG_WARN_DIRECT_OBJC_ISA_USAGE = YES_ERROR;
				CLANG_WARN_DOCUMENTATION_COMMENTS = YES;
				CLANG_WARN_EMPTY_BODY = YES;
				CLANG_WARN_ENUM_CONVERSION = YES;
				CLANG_WARN_INFINITE_RECURSION = YES;
				CLANG_WARN_INT_CONVERSION = YES;
				CLANG_WARN_NON_LITERAL_NULL_CONVERSION = YES;
				CLANG_WARN_OBJC_IMPLICIT_RETAIN_SELF = YES;
				CLANG_WARN_OBJC_LITERAL_CONVERSION = YES;
				CLANG_WARN_OBJC_ROOT_CLASS = YES_ERROR;
				CLANG_WARN_QUOTED_INCLUDE_IN_FRAMEWORK_HEADER = YES;
				CLANG_WARN_RANGE_LOOP_ANALYSIS = YES;
				CLANG_WARN_STRICT_PROTOTYPES = YES;
				CLANG_WARN_SUSPICIOUS_MOVE = YES;
				CLANG_WARN_UNGUARDED_AVAILABILITY = YES_AGGRESSIVE;
				CLANG_WARN_UNREACHABLE_CODE = YES;
				CLANG_WARN__DUPLICATE_METHOD_MATCH = YES;
				COPY_PHASE_STRIP = NO;
				DEBUG_INFORMATION_FORMAT = "dwarf-with-dsym";
				ENABLE_NS_ASSERTIONS = NO;
				ENABLE_STRICT_OBJC_MSGSEND = YES;
				ENABLE_USER_SCRIPT_SANDBOXING = YES;
				GCC_C_LANGUAGE_STANDARD = gnu17;
				GCC_NO_COMMON_BLOCKS = YES;
				GCC_WARN_64_TO_32_BIT_CONVERSION = YES;
				GCC_WARN_ABOUT_RETURN_TYPE = YES_ERROR;
				GCC_WARN_UNDECLARED_SELECTOR = YES;
				GCC_WARN_UNINITIALIZED_AUTOS = YES_AGGRESSIVE;
				GCC_WARN_UNUSED_FUNCTION = YES;
				GCC_WARN_UNUSED_VARIABLE = YES;
				IPHONEOS_DEPLOYMENT_TARGET = 16.0;
				LOCALIZATION_PREFERS_STRING_CATALOGS = YES;
				MTL_ENABLE_DEBUG_INFO = NO;
				MTL_FAST_MATH = YES;
				SDKROOT = iphoneos;
				SWIFT_COMPILATION_MODE = wholemodule;
				VALIDATE_PRODUCT = YES;
			};
			name = Release;
		};
		865D1E4F2B6932460085367C /* Debug */ = {
			isa = XCBuildConfiguration;
			buildSettings = {
				ASSETCATALOG_COMPILER_APPICON_NAME = AppIcon;
				ASSETCATALOG_COMPILER_GLOBAL_ACCENT_COLOR_NAME = AccentColor;
				CODE_SIGN_STYLE = Automatic;
				CURRENT_PROJECT_VERSION = 1;
				DEVELOPMENT_ASSET_PATHS = "\"Haker News App/Preview Content\"";
				DEVELOPMENT_TEAM = NFTB3H74LP;
				ENABLE_PREVIEWS = YES;
				GENERATE_INFOPLIST_FILE = YES;
				INFOPLIST_FILE = "Haker-News-App-Info.plist";
				INFOPLIST_KEY_CFBundleDisplayName = "Haker News";
				INFOPLIST_KEY_UIApplicationSceneManifest_Generation = YES;
				INFOPLIST_KEY_UIApplicationSupportsIndirectInputEvents = YES;
				INFOPLIST_KEY_UILaunchScreen_Generation = YES;
				INFOPLIST_KEY_UISupportedInterfaceOrientations = UIInterfaceOrientationPortrait;
				INFOPLIST_KEY_UISupportedInterfaceOrientations_iPad = "UIInterfaceOrientationLandscapeLeft UIInterfaceOrientationLandscapeRight UIInterfaceOrientationPortrait UIInterfaceOrientationPortraitUpsideDown";
				IPHONEOS_DEPLOYMENT_TARGET = 16.0;
				LD_RUNPATH_SEARCH_PATHS = (
					"$(inherited)",
					"@executable_path/Frameworks",
				);
				MARKETING_VERSION = 1.0;
				PRODUCT_BUNDLE_IDENTIFIER = "yeze.apps.Haker-News-App";
				PRODUCT_NAME = "$(TARGET_NAME)";
				SUPPORTED_PLATFORMS = "iphoneos iphonesimulator";
				SUPPORTS_MACCATALYST = NO;
				SUPPORTS_MAC_DESIGNED_FOR_IPHONE_IPAD = NO;
				SWIFT_EMIT_LOC_STRINGS = YES;
				SWIFT_VERSION = 5.0;
				TARGETED_DEVICE_FAMILY = 1;
			};
			name = Debug;
		};
		865D1E502B6932460085367C /* Release */ = {
			isa = XCBuildConfiguration;
			buildSettings = {
				ASSETCATALOG_COMPILER_APPICON_NAME = AppIcon;
				ASSETCATALOG_COMPILER_GLOBAL_ACCENT_COLOR_NAME = AccentColor;
				CODE_SIGN_STYLE = Automatic;
				CURRENT_PROJECT_VERSION = 1;
				DEVELOPMENT_ASSET_PATHS = "\"Haker News App/Preview Content\"";
				DEVELOPMENT_TEAM = NFTB3H74LP;
				ENABLE_PREVIEWS = YES;
				GENERATE_INFOPLIST_FILE = YES;
				INFOPLIST_FILE = "Haker-News-App-Info.plist";
				INFOPLIST_KEY_CFBundleDisplayName = "Haker News";
				INFOPLIST_KEY_UIApplicationSceneManifest_Generation = YES;
				INFOPLIST_KEY_UIApplicationSupportsIndirectInputEvents = YES;
				INFOPLIST_KEY_UILaunchScreen_Generation = YES;
				INFOPLIST_KEY_UISupportedInterfaceOrientations = UIInterfaceOrientationPortrait;
				INFOPLIST_KEY_UISupportedInterfaceOrientations_iPad = "UIInterfaceOrientationLandscapeLeft UIInterfaceOrientationLandscapeRight UIInterfaceOrientationPortrait UIInterfaceOrientationPortraitUpsideDown";
				IPHONEOS_DEPLOYMENT_TARGET = 16.0;
				LD_RUNPATH_SEARCH_PATHS = (
					"$(inherited)",
					"@executable_path/Frameworks",
				);
				MARKETING_VERSION = 1.0;
				PRODUCT_BUNDLE_IDENTIFIER = "yeze.apps.Haker-News-App";
				PRODUCT_NAME = "$(TARGET_NAME)";
				SUPPORTED_PLATFORMS = "iphoneos iphonesimulator";
				SUPPORTS_MACCATALYST = NO;
				SUPPORTS_MAC_DESIGNED_FOR_IPHONE_IPAD = NO;
				SWIFT_EMIT_LOC_STRINGS = YES;
				SWIFT_VERSION = 5.0;
				TARGETED_DEVICE_FAMILY = 1;
			};
			name = Release;
		};
/* End XCBuildConfiguration section */

/* Begin XCConfigurationList section */
		865D1E3B2B6932420085367C /* Build configuration list for PBXProject "Haker News App" */ = {
			isa = XCConfigurationList;
			buildConfigurations = (
				865D1E4C2B6932460085367C /* Debug */,
				865D1E4D2B6932460085367C /* Release */,
			);
			defaultConfigurationIsVisible = 0;
			defaultConfigurationName = Release;
		};
		865D1E4E2B6932460085367C /* Build configuration list for PBXNativeTarget "Haker News App" */ = {
			isa = XCConfigurationList;
			buildConfigurations = (
				865D1E4F2B6932460085367C /* Debug */,
				865D1E502B6932460085367C /* Release */,
			);
			defaultConfigurationIsVisible = 0;
			defaultConfigurationName = Release;
		};
/* End XCConfigurationList section */
	};
	rootObject = 865D1E382B6932420085367C /* Project object */;
}
